{"SurveyEntry":{"SurveyID":"SV_07IPj324cJgZUFL","SurveyName":"Happiness__Exp 5 - JEP:G R&R - Evil Agent","SurveyDescription":null,"SurveyOwnerID":"UR_9n5l3VyrulVt2Qc","SurveyBrandID":"yale","DivisionID":null,"SurveyLanguage":"EN","SurveyActiveResponseSet":"RS_4Szek0tu7nh5vpz","SurveyStatus":"Active","SurveyStartDate":"0000-00-00 00:00:00","SurveyExpirationDate":"0000-00-00 00:00:00","SurveyCreationDate":"2016-07-20 09:40:12","CreatorID":"UR_9n5l3VyrulVt2Qc","LastModified":"2016-07-21 07:59:50","LastAccessed":"0000-00-00 00:00:00","LastActivated":"2016-07-20 10:08:05","Deleted":null},"SurveyElements":[{"SurveyID":"SV_07IPj324cJgZUFL","Element":"BL","PrimaryAttribute":"Survey Blocks","SecondaryAttribute":null,"TertiaryAttribute":null,"Payload":{"0":{"Type":"Default","Description":"Consent","ID":"BL_cPjaIVVtDAz02kk","BlockElements":[{"Type":"Question","QuestionID":"QID1"}]},"1":{"Type":"Trash","Description":"Trash \/ Unused Questions","ID":"BL_elmmVgu5D6Otkk4","BlockElements":[]},"2":{"Type":"Standard","Description":"Immoral","ID":"BL_2nkpacY3tOV4X8o","BlockElements":[{"Type":"Question","QuestionID":"QID62"},{"Type":"Question","QuestionID":"QID740"},{"Type":"Question","QuestionID":"QID815"}],"Options":{"BlockLocking":"false","RandomizeQuestions":"false","Randomization":{"EvenPresentation":true}}},"10":{"Type":"Standard","Description":"Demographics","ID":"BL_9M6WcH1jTXYtnfK","BlockElements":[{"Type":"Question","QuestionID":"QID51"},{"Type":"Question","QuestionID":"QID52"},{"Type":"Question","QuestionID":"QID53"},{"Type":"Question","QuestionID":"QID54"},{"Type":"Question","QuestionID":"QID55"},{"Type":"Question","QuestionID":"QID56"}],"Options":{"BlockLocking":"false","RandomizeQuestions":"false"}},"11":{"Type":"Standard","Description":"Evil","ID":"BL_6o0IEf1wMFqMblP","BlockElements":[{"Type":"Question","QuestionID":"QID823"},{"Type":"Question","QuestionID":"QID825"},{"Type":"Question","QuestionID":"QID824"}],"Options":{"BlockLocking":false,"RandomizeQuestions":"false","Randomization":{"EvenPresentation":true}}}}},{"SurveyID":"SV_07IPj324cJgZUFL","Element":"BR","PrimaryAttribute":"FL_14","SecondaryAttribute":null,"TertiaryAttribute":null,"Payload":{"FL_3":1,"FL_122":"0","ID":"FL_14"}},{"SurveyID":"SV_07IPj324cJgZUFL","Element":"BR","PrimaryAttribute":"FL_100","SecondaryAttribute":null,"TertiaryAttribute":null,"Payload":{"FL_83":0,"FL_85":0,"FL_87":0,"FL_89":0,"FL_91":0,"FL_93":0,"FL_95":0,"FL_97":0,"ID":"FL_100"}},{"SurveyID":"SV_07IPj324cJgZUFL","Element":"BR","PrimaryAttribute":"FL_101","SecondaryAttribute":null,"TertiaryAttribute":null,"Payload":{"FL_106":0,"FL_107":0,"FL_108":0,"FL_109":0,"FL_3":0,"FL_78":0,"FL_79":0,"FL_81":0,"ID":"FL_101"}},{"SurveyID":"SV_07IPj324cJgZUFL","Element":"BR","PrimaryAttribute":"BL_09dlczsgm0OBF89","SecondaryAttribute":null,"TertiaryAttribute":null,"Payload":{"QID525":0,"QID607":0,"QID636":0,"QID526":0,"QID527":0,"QID528":0}},{"SurveyID":"SV_07IPj324cJgZUFL","Element":"BR","PrimaryAttribute":"BL_0feeYpY3HCno57f","SecondaryAttribute":null,"TertiaryAttribute":null,"Payload":{"QID258":0,"QID604":0,"QID624":0,"QID259":0,"QID260":0,"QID468":0,"QID625":0,"QID628":0,"QID722":0,"QID704":0,"QID803":0,"QID785":0,"QID811":0,"QID746":0,"QID819":0}},{"SurveyID":"SV_07IPj324cJgZUFL","Element":"BR","PrimaryAttribute":"BL_2a6sFcKdxulw9rn","SecondaryAttribute":null,"TertiaryAttribute":null,"Payload":{"QID529":0,"QID608":0,"QID646":0,"QID530":0,"QID531":0,"QID532":0,"QID643":0}},{"SurveyID":"SV_07IPj324cJgZUFL","Element":"BR","PrimaryAttribute":"BL_2nkpacY3tOV4X8o","SecondaryAttribute":null,"TertiaryAttribute":null,"Payload":{"QID62":0,"QID119":0,"QID120":0,"QID488":0,"QID544":0,"QID599":0,"QID702":0,"QID799":0,"QID769":0,"QID807":0,"QID740":0,"QID815":0}},{"SurveyID":"SV_07IPj324cJgZUFL","Element":"BR","PrimaryAttribute":"BL_3Pljn5WwoHemf8p","SecondaryAttribute":null,"TertiaryAttribute":null,"Payload":{"QID653":0,"QID654":0,"QID657":0,"QID661":0,"QID662":0,"QID663":0,"QID660":0,"QID658":0,"QID655":0,"QID659":0,"QID656":0,"QID698":0,"QID800":0,"QID816":0,"QID773":0,"QID808":0}},{"SurveyID":"SV_07IPj324cJgZUFL","Element":"BR","PrimaryAttribute":"BL_3UBks0m1BfkBuDz","SecondaryAttribute":null,"TertiaryAttribute":null,"Payload":{"QID322":0,"QID582":0,"QID585":0,"QID323":0,"QID324":0,"QID484":0,"QID583":0,"QID588":0,"QID712":0,"QID806":0,"QID797":0,"QID814":0,"QID762":0,"QID822":0}},{"SurveyID":"SV_07IPj324cJgZUFL","Element":"BR","PrimaryAttribute":"BL_3rvjbDFda1CkSYl","SecondaryAttribute":null,"TertiaryAttribute":null,"Payload":{"QID686":0,"QID687":0,"QID693":0,"QID694":0,"QID695":0,"QID696":0,"QID688":0,"QID689":0,"QID690":0,"QID691":0,"QID692":0,"QID700":0}},{"SurveyID":"SV_07IPj324cJgZUFL","Element":"BR","PrimaryAttribute":"BL_3yrj7Ayg3lC62DX","SecondaryAttribute":null,"TertiaryAttribute":null,"Payload":{"QID266":0,"QID605":0,"QID618":0,"QID267":0,"QID268":0,"QID470":0,"QID705":0}},{"SurveyID":"SV_07IPj324cJgZUFL","Element":"BR","PrimaryAttribute":"BL_5i33zm40mDHqu4l","SecondaryAttribute":null,"TertiaryAttribute":null,"Payload":{"QID290":0,"QID554":0,"QID558":0,"QID560":0,"QID557":0,"QID291":0,"QID292":0,"QID708":0,"QID476":0}},{"SurveyID":"SV_07IPj324cJgZUFL","Element":"BR","PrimaryAttribute":"BL_5ua4WTwy50htcqx","SecondaryAttribute":null,"TertiaryAttribute":null,"Payload":{"QID298":0,"QID561":0,"QID566":0,"QID299":0,"QID300":0,"QID478":0,"QID562":0,"QID709":0,"QID757":0}},{"SurveyID":"SV_07IPj324cJgZUFL","Element":"BR","PrimaryAttribute":"BL_6sOj8PxDc2b6QiF","SecondaryAttribute":null,"TertiaryAttribute":null,"Payload":{"QID517":0,"QID606":0,"QID632":0,"QID518":0,"QID519":0,"QID523":0}},{"SurveyID":"SV_07IPj324cJgZUFL","Element":"BR","PrimaryAttribute":"BL_87gZHmXTqbo6bkx","SecondaryAttribute":null,"TertiaryAttribute":null,"Payload":{"QID675":0,"QID676":0,"QID681":0,"QID683":0,"QID684":0,"QID685":0,"QID682":0,"QID677":0,"QID678":0,"QID679":0,"QID680":0,"QID718":0,"QID701":0}},{"SurveyID":"SV_07IPj324cJgZUFL","Element":"BR","PrimaryAttribute":"BL_88PoK61ZXaOlIEJ","SecondaryAttribute":null,"TertiaryAttribute":null,"Payload":{"QID306":0,"QID568":0,"QID570":0,"QID307":0,"QID308":0,"QID480":0,"QID571":0,"QID574":0,"QID710":0,"QID759":0,"QID802":0,"QID758":0,"QID810":0,"QID781":0,"QID818":0}},{"SurveyID":"SV_07IPj324cJgZUFL","Element":"BR","PrimaryAttribute":"BL_9KoegKs7DeSm2jP","SecondaryAttribute":null,"TertiaryAttribute":null,"Payload":{"QID274":0,"QID545":0,"QID540":0,"QID275":0,"QID276":0,"QID472":0,"QID541":0,"QID706":0,"QID751":0}},{"SurveyID":"SV_07IPj324cJgZUFL","Element":"BR","PrimaryAttribute":"BL_aXEiP6y2j2Q4913","SecondaryAttribute":null,"TertiaryAttribute":null,"Payload":{"QID282":0,"QID546":0,"QID550":0,"QID283":0,"QID284":0,"QID474":0,"QID551":0,"QID725":0,"QID707":0}},{"SurveyID":"SV_07IPj324cJgZUFL","Element":"BR","PrimaryAttribute":"BL_eK8cJkw0dt2aG8d","SecondaryAttribute":null,"TertiaryAttribute":null,"Payload":{"QID664":0,"QID665":0,"QID671":0,"QID672":0,"QID673":0,"QID674":0,"QID667":0,"QID666":0,"QID668":0,"QID699":0,"QID716":0}},{"SurveyID":"SV_07IPj324cJgZUFL","Element":"BR","PrimaryAttribute":"BL_eKzVrif8yPSdsPz","SecondaryAttribute":null,"TertiaryAttribute":null,"Payload":{"QID254":0,"QID603":0,"QID610":0,"QID255":0,"QID256":0,"QID466":0,"QID612":0,"QID703":0}},{"SurveyID":"SV_07IPj324cJgZUFL","Element":"BR","PrimaryAttribute":"BL_eRmZsKFx2x33Wtv","SecondaryAttribute":null,"TertiaryAttribute":null,"Payload":{"QID330":0,"QID589":0,"QID594":0,"QID331":0,"QID332":0,"QID486":0,"QID591":0,"QID713":0,"QID731":0,"QID765":0}},{"SurveyID":"SV_07IPj324cJgZUFL","Element":"BR","PrimaryAttribute":"BL_egklaDRmyPB2Jox","SecondaryAttribute":null,"TertiaryAttribute":null,"Payload":{"QID314":0,"QID575":0,"QID576":0,"QID315":0,"QID316":0,"QID482":0,"QID577":0,"QID711":0,"QID761":0,"QID760":0}},{"SurveyID":"SV_07IPj324cJgZUFL","Element":"FL","PrimaryAttribute":"Survey Flow","SecondaryAttribute":null,"TertiaryAttribute":null,"Payload":{"Type":"Root","FlowID":"FL_1","Flow":[{"Type":"Block","ID":"BL_cPjaIVVtDAz02kk","FlowID":"FL_2"},{"Type":"Branch","FlowID":"FL_15","Description":"New Branch","BranchLogic":{"0":{"0":{"LogicType":"Question","QuestionID":"QID1","ChoiceLocator":"q:\/\/QID1\/SelectableChoice\/2","Operator":"Selected","QuestionIDFromLocator":"QID1","LeftOperand":"q:\/\/QID1\/SelectableChoice\/2","Type":"Expression","Description":"<span class=\"ConjDesc\">If<\/span> <span class=\"QuestionDesc\">\n\tResearch Informed Consent\n\n\t&lt;o:p&gt;&amp;nbsp;&lt;\/o:p&gt;\n\n\tIntuiti...<\/span> <span class=\"LeftOpDesc\">No<\/span> Is <span class=\"OpDesc\">Selected<\/span> "},"Type":"If"},"Type":"BooleanExpression"},"Flow":[{"Type":"EndSurvey","FlowID":"FL_17"}]},{"Type":"Branch","FlowID":"FL_13","Description":"New Branch","BranchLogic":{"0":{"0":{"LogicType":"Question","QuestionID":"QID1","ChoiceLocator":"q:\/\/QID1\/SelectableChoice\/1","Operator":"Selected","QuestionIDFromLocator":"QID1","LeftOperand":"q:\/\/QID1\/SelectableChoice\/1","Type":"Expression","Description":"<span class=\"ConjDesc\">If<\/span> <span class=\"QuestionDesc\">\n\tResearch Informed Consent\n\n\t&lt;o:p&gt;&amp;nbsp;&lt;\/o:p&gt;\n\n\tIntuiti...<\/span> <span class=\"LeftOpDesc\">Yes<\/span> Is <span class=\"OpDesc\">Selected<\/span> "},"Type":"If"},"Type":"BooleanExpression"},"Flow":[{"Type":"BlockRandomizer","FlowID":"FL_14","SubSet":1,"EvenPresentation":true,"Flow":[{"Type":"Standard","ID":"BL_2nkpacY3tOV4X8o","FlowID":"FL_3"},{"Type":"Standard","ID":"BL_6o0IEf1wMFqMblP","FlowID":"FL_122"}]}]},{"Type":"Standard","ID":"BL_9M6WcH1jTXYtnfK","FlowID":"FL_11"}],"Properties":{"Count":122}}},{"SurveyID":"SV_07IPj324cJgZUFL","Element":"SO","PrimaryAttribute":"Survey Options","SecondaryAttribute":null,"TertiaryAttribute":null,"Payload":{"BackButton":"false","SaveAndContinue":"true","SurveyProtection":"PublicSurvey","BallotBoxStuffingPrevention":"true","OneCompletePerIP":"false","SurveyExpiration":null,"SurveyTermination":"Redirect","Header":"","Footer":"","ProgressBarDisplay":"None","PartialData":"+1 week","ValidationMessage":null,"PreviousButton":"  <<  ","NextButton":"  >>  ","SkinLibrary":"Qualtrics","SkinType":"MQ","Skin":"minimal","EOSMessage":"MS_bgdFAaMk7MG3KbW","ShowExportTags":"false","SurveyTitle":"Survey | Qualtrics Survey Software","SurveyMetaDescription":"Survey Software, Enterprise Survey software for enterprise feedback management and CRM solutions.  Enables high-quality data collection, panel management and results analysis. Perfect for market research or CRM solution (Customer Relationship Management) integration.  Free trial and consultation.","PasswordProtection":"No","AnonymizeResponse":"No","Password":"","RefererCheck":"No","NoIndex":"No","RefererURL":"http:\/\/","EOSMessageLibrary":"GR_9ZepjkIBkjgOnyY","EOSRedirectURL":"http:\/\/research.clps.brown.edu\/TurkGate\/TurkGate\/codes\/generate.php?stamp=10810993&responseID=${e:\/\/Field\/ResponseID}","EmailThankYou":"false","ThankYouEmailMessageLibrary":null,"ThankYouEmailMessage":null,"ValidateMessage":"false","ValidationMessageLibrary":null,"InactiveSurvey":"DefaultMessage","InactiveMessageLibrary":"","InactiveMessage":"","AvailableLanguages":{"EN":[]},"SkinQuestionWidth":700,"SurveyCreationDate":"2012-07-18 14:45:50","NewScoring":1,"libraryId":"","nextButtonMid":"","previousButtonMid":"","headerMid":"","footerMid":"","QuestionsPerPage":"","ExternalCSS":null,"CustomStyles":{"errorStyles":{"selector":".Skin .ValidationError","styles":{"color":null,"backgroundColor":null,"borderColor":null}},"errorStylesBG":{"selector":".Skin .HeaderValidationError, .Skin .HeaderValidationError li a","styles":{"color":null,"backgroundColor":null}},"pageStyles":{"selector":"#SurveyEngineBody","styles":{"backgroundColor":null}},"textStyles":{"selector":".SkinInner","styles":{"fontFamily":null,"fontSize":null,"fontWeight":null,"fontStyle":null,"textDecoration":null,"color":null}},"questionStyles":{"selector":".Skin .QuestionText","styles":{"fontFamily":null,"fontSize":null,"fontWeight":null,"fontStyle":null,"textDecoration":null,"color":null}},"choiceStyles":{"selector":".Skin .horizontalbar th.ylabel, .Skin .Matrix table td, .Skin .Matrix table th, .Skin .Matrix table thead th, .Skin .Matrix table thead td, .Skin .PGR .DragAndDrop .Items label, .Skin .QuestionBody ul.ChoiceStructure, .Skin .PGR .DragAndDrop .Group ul, .Skin .PGR .DragAndDrop .Group h2, .Skin .PGR .DragAndDrop .Items ul, .Skin .PGR .DragAndDrop .Items h2, .Skin .DD .QuestionBody table.ChoiceStructure, .Skin .PGR .DragAndDrop .NoColumns td.groupsContainerTd div ul, .Skin .PGR .DragAndDrop .NoColumns td.groupsContainerTd div h2, .Skin .SBS thead th, .Skin .SBS td, .Skin .SBS .Answers td, .Skin .SBS .Answers th, .SBS table.ChoiceStructure, .Skin .horizontalbar thead table.LabelDescriptions tr td, .Skin .horizontalbar thead tr td.NotApplicable, .QuestionBody th, .Skin .QuestionBody .MC .MAVR label, .Skin .QuestionBody .MC .SAVR label, .Skin .SBS thead th, .Skin .SBS td, .Skin .RO .DND ul li, .Skin .reg, .SkinInner .ChoiceStructure, .Skin thead, .Skin .GAP .ChoiceStructure thead th, .Skin .GAP .ChoiceStructure .c4, .Skin .GAP .ChoiceStructure th, .Skin .GAP .ChoiceStructure .WhyText, .SkinInner .ChoiceStructure .LightBG, .Skin .QuestionOuter.Highlight .Inner .reg, .Skin .QuestionOuter.Highlight .Inner .alt, .Skin .QuestionOuter.Highlight .Inner .ReadableAlt       ","styles":{"fontFamily":null,"fontSize":null,"fontWeight":null,"fontStyle":null,"textDecoration":null,"color":null}},"headerStyles":{"selector":".Skin div#Header","styles":{"color":null}},"footerStyles":{"selector":".Skin #Footer","styles":{"color":null}},"questionSeparatorStyles":{"selector":".Skin .Separator","styles":{"backgroundColor":null,"display":"block"}},"highlightStyles":{"selector":".Skin .QuestionOuter.Highlight .Inner, .Skin .QuestionOuter.Highlight .Inner .reg, .Skin .QuestionOuter.Highlight .Inner .alt, .Skin .QuestionOuter.Highlight .Inner .ReadableAlt","styles":{"backgroundColor":null}},"highlightStylesAlt":{"selector":".Skin .QuestionOuter.Highlight .Inner .ReadableAlt, .Skin .QuestionOuter.Highlight .Inner .LightBG","styles":{"backgroundColor":null}},"textEntryStyles":{"selector":".Skin select, .Skin .InputText","styles":{"color":null}},"borderStyles":{"selector":".Skin .CS .horizontalbar table.sliderGrid tr.xlabel th, .Skin .CS .horizontalbar .ylabel, .Skin .CS .horizontalbar table.sliderGrid tr td.value, .Skin .Slider .horizontalbar table.sliderGrid tr.xlabel th, .Skin .BorderColor, .Skin .DarkBorderColor, .Skin .Slider .horizontalbar table.sliderGrid tr td.value, .Skin thead, .Skin .GAP .ChoiceStructure thead th  ","styles":{"borderColor":null}},"altRowStyles":{"selector":".Skin .ReadableAlt, .Skin .LightBG","styles":{"backgroundColor":null}},"customCSS":null},"HighlightQuestions":"off","CollectGeoLocation":"false","ProtectSelectionIds":true,"PageTransition":"None","SecureResponseFiles":"false","SpellChecked":0,"ActiveResponseSet":null}},{"SurveyID":"SV_07IPj324cJgZUFL","Element":"SCO","PrimaryAttribute":"Scoring","SecondaryAttribute":null,"TertiaryAttribute":null,"Payload":{"ScoringCategories":[],"ScoringCategoryGroups":[],"ScoringSummaryCategory":null,"ScoringSummaryAfterQuestions":false,"ScoringSummaryAfterSurvey":false,"NextCategoryId":1,"NextGroupId":1,"DefaultScoringCategory":null,"ID":"Scoring"}},{"SurveyID":"SV_07IPj324cJgZUFL","Element":"STAT","PrimaryAttribute":"Survey Statistics","SecondaryAttribute":null,"TertiaryAttribute":null,"Payload":{"MobileCompatible":true,"ID":"Survey Statistics"}},{"SurveyID":"SV_07IPj324cJgZUFL","Element":"QC","PrimaryAttribute":"Survey Question Count","SecondaryAttribute":"825","TertiaryAttribute":null,"Payload":null},{"SurveyID":"SV_07IPj324cJgZUFL","Element":"CJ","PrimaryAttribute":"CJ_78qdBgx4YoUITwU","SecondaryAttribute":"Conjoint","TertiaryAttribute":null,"Payload":{"Type":"SelfExplicated","Description":"Conjoint","DisplayOption":"Importance","DataExportTag":"CJ1","QuestionType":"Conjoint","T_FeatureElemenation":"Is ANY FEATURE LEVEL SO UNACCEPTABLE that ALL OPTIONS CONTAINING THAT LEVEL WOULD BE REJECTED, NO MATTER HOW ATTRACTIVE THE OPTION ON ALL OTHER FEATURES? In other words, with this feature level present, the option just doesn't work for you... and would NEVER, EVER, EVER be considered. It would be better for you to go totally without this product or service than have one with this feature level.","T_MostandLeastPreferred":"Please select your most preferred and least preferred for each set shown below:","T_PreferenceMostandLeast":"Considering the concepts you've just seen, please indicate your preference for the following:","T_ImportancesConstSum":"In the previous questions, you rated the following as your most preferred. Please allocate 100 percentage points showing the relative importance of each:","T_UpgradeConstSum":"Assume you are upgrading...please allocate 100 percentage points showing the relative importance of each upgrade:","DisplayOneAtATime":false,"Features":[],"ID":"CJ_78qdBgx4YoUITwU"}},{"SurveyID":"SV_07IPj324cJgZUFL","Element":"RS","PrimaryAttribute":"RS_4Szek0tu7nh5vpz","SecondaryAttribute":"Default Response Set","TertiaryAttribute":null,"Payload":null},{"SurveyID":"SV_07IPj324cJgZUFL","Element":"SQ","PrimaryAttribute":"QID51","SecondaryAttribute":"In this part of the experiment, we&#39;d like you to answer a series of background questions....","TertiaryAttribute":null,"Payload":{"QuestionText":"<div>\n\t&nbsp;<\/div>\n<meta charset=\"utf-8\" \/>\n<div>\n\t<span style=\"font-size:16px;\">In this part of the experiment, we&#39;d like you to answer a series of background questions.<\/span><br \/>\n\t&nbsp;<\/div>\n<div>\n\tYour answers to these questions are very helpful, and are for research purposes only.&nbsp;Remember that your responses are entirely anonymous. If you feel uncomfortable with a&nbsp;question in this section, you can leave the question blank.<\/div>\n<div>\n\t&nbsp;<\/div>","DataExportTag":"DemoInstr","QuestionType":"MC","Selector":"SAVR","SubSelector":"TX","Configuration":{"QuestionDescriptionOption":"UseText"},"QuestionDescription":"In this part of the experiment, we&#39;d like you to answer a series of background questions....","Choices":[],"ChoiceOrder":[],"Validation":{"Settings":{"ForceResponse":"OFF","ForceResponseType":"ON"}},"Language":[],"QuestionID":"QID51"}},{"SurveyID":"SV_07IPj324cJgZUFL","Element":"SQ","PrimaryAttribute":"QID740","SecondaryAttribute":"Now please tell us whether you agree or disagree with the following statement: Maria is happy.","TertiaryAttribute":null,"Payload":{"QuestionText":"<div><span style=\"font-size: 19px;\"><i>Now please tell us whether you agree or disagree with the following statement:<\/i><\/span><\/div><div><span style=\"font-size: 19px;\"><i><br><\/i><\/span><\/div><div><span style=\"font-size: 19px;\">Maria is happy.<\/span><\/div><div><span style=\"font-size: 19px;\"><br><\/span><\/div><div><br><\/div>","DefaultChoices":false,"DataExportTag":"immoHappy","QuestionType":"MC","Selector":"SAHR","SubSelector":"TX","Configuration":{"QuestionDescriptionOption":"UseText","LabelPosition":"BELOW"},"QuestionDescription":"Now please tell us whether you agree or disagree with the following statement: Maria is happy.","Choices":{"13":{"Display":"Completely <br> disagree"},"14":{"Display":"&nbsp;"},"15":{"Display":"&nbsp;"},"16":{"Display":"In between"},"17":{"Display":"&nbsp;"},"18":{"Display":"&nbsp;"},"19":{"Display":"Completely <br> agree"}},"ChoiceOrder":["13","14","15","16","17","18","19"],"Validation":{"Settings":{"ForceResponse":"ON","ForceResponseType":"ON","Type":"None"}},"GradingData":[],"Language":[],"QuestionID":"QID740","RecodeValues":{"13":"1","14":"2","15":"3","16":"4","17":"5","18":"6","19":"7"}}},{"SurveyID":"SV_07IPj324cJgZUFL","Element":"SQ","PrimaryAttribute":"QID825","SecondaryAttribute":"Now please tell us whether you agree or disagree with the following statement: Maria is happy.","TertiaryAttribute":null,"Payload":{"QuestionText":"<div><span style=\"font-size: 19px;\"><i>Now please tell us whether you agree or disagree with the following statement:<\/i><\/span><\/div><div><span style=\"font-size: 19px;\"><i><br><\/i><\/span><\/div><div><span style=\"font-size: 19px;\">Maria is happy.<\/span><\/div><div><span style=\"font-size: 19px;\"><br><\/span><\/div><div><br><\/div>","DefaultChoices":false,"QuestionType":"MC","Selector":"SAHR","SubSelector":"TX","Configuration":{"QuestionDescriptionOption":"UseText","LabelPosition":"BELOW"},"QuestionDescription":"Now please tell us whether you agree or disagree with the following statement: Maria is happy.","Choices":{"13":{"Display":"Completely <br> disagree"},"14":{"Display":"&nbsp;"},"15":{"Display":"&nbsp;"},"16":{"Display":"In between"},"17":{"Display":"&nbsp;"},"18":{"Display":"&nbsp;"},"19":{"Display":"Completely <br> agree"}},"ChoiceOrder":["13","14","15","16","17","18","19"],"Validation":{"Settings":{"ForceResponse":"ON","ForceResponseType":"ON","Type":"None"}},"GradingData":[],"Language":[],"RecodeValues":{"13":"1","14":"2","15":"3","16":"4","17":"5","18":"6","19":"7"},"QuestionText_Unsafe":"<div><span style=\"font-size: 19px;\"><i>Now please tell us whether you agree or disagree with the following statement:<\/i><\/span><\/div><div><span style=\"font-size: 19px;\"><i><br><\/i><\/span><\/div><div><span style=\"font-size: 19px;\">Maria is happy.<\/span><\/div><div><span style=\"font-size: 19px;\"><br><\/span><\/div><div><br><\/div>","DataExportTag":"evilHappy","QuestionID":"QID825"}},{"SurveyID":"SV_07IPj324cJgZUFL","Element":"SQ","PrimaryAttribute":"QID62","SecondaryAttribute":"Please carefully read the following story. You will be asked some questions about it afterward. \u00a0..","TertiaryAttribute":null,"Payload":{"QuestionText":"<p><span style=\"font-size:16px;\"><i>Please carefully read the following story. You will be asked some questions about it afterward.<\/i><\/span><\/p>\n\n<p>&nbsp;<\/p>\n\n<p><span style=\"font-size:16px;\">Maria is a mother of three children, who wants to live the life of a celebrity in L.A. In fact, she has even started trying to date a few famous people. Maria usually works hard to become popular. She often finds herself rushing from one social gathering to the next and is always going to pick up some alcohol or a dress.<\/span><\/p>\n\n<p>&nbsp;<\/p>\n\n<p><span style=\"font-size:16px;\">Maria is completely preoccupied with becoming popular. She is no longer concerned with being honest or nice to her old friends unless they know someone famous. Almost every night she ends up drinking or partying with famous people she wants to be like.<\/span><\/p>\n\n<p>&nbsp;<\/p>\n\n<p><span style=\"font-size:16px;\">Almost every single day Maria is in a great mood and generally experiences a lot of pleasant emotions. In fact, it is very rare that she would ever experience negative emotions like sadness or loneliness. When Maria thinks about her life, she always comes to the same conclusion: she is highly satisfied with the way she lives.<\/span><\/p>\n\n<p>&nbsp;<\/p>","DataExportTag":"immoVign","QuestionType":"MC","Selector":"SAHR","SubSelector":"TX","Configuration":{"QuestionDescriptionOption":"UseText","LabelPosition":"BELOW"},"QuestionDescription":"Please carefully read the following story. You will be asked some questions about it afterward. \u00a0...","Choices":[],"ChoiceOrder":[],"Validation":{"Settings":{"ForceResponse":"OFF","ForceResponseType":"ON","Type":"None"}},"Language":[],"QuestionID":"QID62"}},{"SurveyID":"SV_07IPj324cJgZUFL","Element":"SQ","PrimaryAttribute":"QID823","SecondaryAttribute":"Please carefully read the following story. You will be asked some questions about it afterward. \u00a0..","TertiaryAttribute":null,"Payload":{"QuestionText":"<p><em><span style=\"font-size:16px;\">Please carefully read the following story. You will be asked some questions about it afterward.<\/span><\/em><\/p>\n\n<p>&nbsp;<\/p>\n\n<p><span style=\"font-size:16px;\">Maria is part of a violent terrorist group called White Nation. From an extremely young age, she has believed that only white people are good and that all black people should be killed or locked away in prisons. Every day, she is busy working with the other members of her group to make sure this happens. They are currently plotting to blow up a number of civil rights museums and black churches around the country.<\/span><\/p>\n\n<p>&nbsp;<\/p>\n\n<p><span style=\"font-size:16px;\">Maria is completely preoccupied with her goal, and only talks with white people who share her beliefs. Almost every night, she ends up talking with the other white supremacists about how to take back their country and eliminate or imprison everyone who is not white.<\/span><\/p>\n\n<p>&nbsp;<\/p>\n\n<p><span style=\"font-size:16px;\">Almost every single day Maria is in a great mood and generally experiences a lot of pleasant emotions. In fact, it is very rare that she would ever experience negative emotions like sadness or loneliness. When Maria thinks about her life, she always comes to the same conclusion: she is highly satisfied with the way she lives.<\/span><\/p>","QuestionType":"MC","Selector":"SAHR","SubSelector":"TX","Configuration":{"QuestionDescriptionOption":"UseText","LabelPosition":"BELOW"},"QuestionDescription":"Please carefully read the following story. You will be asked some questions about it afterward. \u00a0...","Choices":[],"ChoiceOrder":[],"Validation":{"Settings":{"ForceResponse":"OFF","ForceResponseType":"ON","Type":"None"}},"Language":[],"QuestionText_Unsafe":"<p><span style=\"font-size:16px;\"><i>Please carefully read the following story. You will be asked some questions about it afterward.<\/i><\/span><\/p>\n\n<p>&nbsp;<\/p>\n\n<p><span style=\"font-size:16px;\">Maria is a mother of three children, who wants to live the life of a celebrity in L.A. In fact, she has even started trying to date a few famous people. Maria usually works hard to become popular. She often finds herself rushing from one social gathering to the next and is always going to pick up some alcohol or a dress.<\/span><\/p>\n\n<p>&nbsp;<\/p>\n\n<p><span style=\"font-size:16px;\">Maria is completely preoccupied with becoming popular. She is no longer concerned with being honest or nice to her old friends unless they know someone famous. Almost every night she ends up drinking or partying with famous people she wants to be like.<\/span><\/p>\n\n<p>&nbsp;<\/p>\n\n<p><span style=\"font-size:16px;\">Almost every single day Maria is in a great mood and generally experiences a lot of pleasant emotions. In fact, it is very rare that she would ever experience negative emotions like sadness or loneliness. When Maria thinks about her life, she always comes to the same conclusion: she is highly satisfied with the way she lives.<\/span><\/p>\n\n<p>&nbsp;<\/p>","DataExportTag":"evilVign","QuestionID":"QID823"}},{"SurveyID":"SV_07IPj324cJgZUFL","Element":"SQ","PrimaryAttribute":"QID55","SecondaryAttribute":"Please indicate the highest level of education completed.","TertiaryAttribute":null,"Payload":{"QuestionText":"Please indicate the highest level of education completed.","DataExportTag":"Education","QuestionType":"MC","Selector":"SAVR","SubSelector":"TX","Configuration":{"QuestionDescriptionOption":"UseText"},"QuestionDescription":"Please indicate the highest level of education completed.","Choices":{"1":{"Display":"Grammar School"},"2":{"Display":"High School or equivalent"},"3":{"Display":"Vocational\/Technical School (2 year)"},"4":{"Display":"Some College"},"5":{"Display":"College Graduate (4 year)"},"6":{"Display":"Master's Degree (MS)"},"7":{"Display":"Doctoral Degree (PhD)"},"8":{"Display":"Professional Degree (MD, JD, etc.)"},"9":{"Display":"Other"}},"ChoiceOrder":["1","2","3","4","5","6","7","8","9"],"Randomization":{"Type":"None"},"Validation":{"Settings":{"ForceResponseType":"ON"}},"VariableNaming":{"1":"Grammar School","2":"High School or equivalent","3":"Vocational\/Technical School (2 year)","4":"Some College","5":"College Graduate (4 year)","6":"Master's Degree (MS)","7":"Doctoral Degree (PhD)","8":"Professional Degree (MD, JD, etc.)","9":"Other"},"Language":[],"QuestionID":"QID55"}},{"SurveyID":"SV_07IPj324cJgZUFL","Element":"SQ","PrimaryAttribute":"QID1","SecondaryAttribute":"Research Informed Consent \u00a0 Intuitions on Social Judgments \u00a0 Purpose: We are conducting a researc.","TertiaryAttribute":null,"Payload":{"QuestionText":"<p class=\"MsoTitle\" style=\"text-align: center; \">\n\tResearch Informed Consent<\/p>\n<p align=\"center\" class=\"MsoNormal\" style=\"text-align:center\">\n\t<o:p>&nbsp;<\/o:p><\/p>\n<p align=\"center\" class=\"MsoNormal\" style=\"text-align:center\">\n\tIntuitions on Social Judgments<\/p>\n<p align=\"center\" class=\"MsoNormal\" style=\"text-align:center\"><br><\/p>\n<p class=\"MsoNormal\">\n\t<o:p>&nbsp;<\/o:p><\/p>\n<p class=\"MsoNormal\">\n\t<b style=\"mso-bidi-font-weight:normal\">Purpose:<o:p><\/o:p><\/b><\/p>\n<p class=\"MsoNormal\">\n\tWe are conducting a research study to examine people\u2019s ordinary intuitions about how they make social judgments.<i style=\"mso-bidi-font-style:normal\"><u><o:p><\/o:p><\/u><\/i><\/p>\n<p class=\"MsoNormal\">\n\t<o:p>&nbsp;<\/o:p><\/p>\n<p class=\"MsoNormal\">\n\t<b style=\"mso-bidi-font-weight:normal\">Procedures:<o:p><\/o:p><\/b><\/p>\n<p class=\"MsoNormal\">\n\tParticipation in this study will involve filling out a brief questionnaire.<span style=\"mso-spacerun: yes\">&nbsp; <\/span><em><strong>We anticipate that your involvement will require approximately three to four minutes.<\/strong><\/em><span style=\"mso-spacerun: yes\">&nbsp; <\/span>You will be compensated financially for participating. You must be at least 18 years of age to participate. <i style=\"mso-bidi-font-style:normal\"><u><o:p><\/o:p><\/u><\/i><\/p>\n<p class=\"MsoNormal\">\n\t<o:p>&nbsp;<\/o:p><\/p>\n<p class=\"MsoNormal\">\n\t<b style=\"mso-bidi-font-weight:normal\">Risks and Benefits:<o:p><\/o:p><\/b><\/p>\n<p class=\"MsoNormal\">\n\tYou will be paid for participation through Amazon's Mechanical Turk. Further, we hope that our results will add to scientific knowledge about people\u2019s ordinary causal intuitions. <i style=\"mso-bidi-font-style:normal\"><u><o:p><\/o:p><\/u><\/i><\/p>\n<p class=\"MsoNormal\">\n\t<o:p>&nbsp;<\/o:p><\/p>\n<p class=\"MsoNormal\">\n\t<b style=\"mso-bidi-font-weight:normal\">Confidentiality:<\/b><\/p>\n<p class=\"MsoNormal\">\n\tAll of your responses will be anonymous. Only the researchers involved in this study and those responsible for research oversight will have access to the information you provide.<span style=\"mso-spacerun:\nyes\">&nbsp; <\/span><\/p>\n<p class=\"MsoNormal\">\n\t<o:p>&nbsp;<\/o:p><\/p>\n<p class=\"MsoNormal\">\n\t<b style=\"mso-bidi-font-weight:normal\">Voluntary Participation:<\/b><\/p>\n<p class=\"MsoNormal\">\n\tParticipation in this study is completely voluntary.<span style=\"mso-spacerun: yes\">&nbsp; <\/span>You are free to decline to participate, to end participation at any time for any reason, or to refuse to answer any individual question without penalty.<\/p>\n<p class=\"MsoNormal\">\n\t<o:p>&nbsp;<\/o:p><\/p>\n<p class=\"MsoNormal\">\n\t<b style=\"mso-bidi-font-weight:normal\">Questions:<\/b><\/p>\n<p class=\"MsoNormal\">\n\tIf you have any questions about this study, you may contact the investigator, Joshua Knobe at joshua.knobe@yale.edu.<\/p>\n<p class=\"MsoNormal\">\n\tIf you would like to talk with someone other than the researchers to discuss problems or concerns, to discuss situations in the event that a member of the research team is not available, or to discuss your rights as a research participant, you may contact the Yale University Human Subjects Committee, Box 208252, New Haven, CT<span style=\"mso-spacerun: yes\">&nbsp; <\/span>06520-8252, 203-436-3650, <a href=\"mailto:human.subjects@yale.edu\">human.subjects@yale.edu<\/a>. Additional information is available at <a href=\"http:\/\/www.yale.edu\/hsc\/Subject\/subjectsrights.htm\">http:\/\/www.yale.edu\/hsc\/Subject\/subjectsrights.htm<\/a><\/p>\n<p class=\"MsoNormal\">\n\t&nbsp;<\/p>\n<p class=\"MsoNormal\">\n\t&nbsp;<\/p>\n<p class=\"MsoNormal\">\n\t&nbsp;<\/p>\n<p class=\"MsoNormal\">\n\t<o:p><em><strong><span style=\"font-size:16px;\">&nbsp;Do you voluntarily consent to participate in this study?<\/span><\/strong><\/em><\/o:p><\/p>","DataExportTag":"Consent","QuestionType":"MC","Selector":"SAVR","SubSelector":"TX","Configuration":{"QuestionDescriptionOption":"UseText"},"QuestionDescription":"Research Informed Consent \u00a0 Intuitions on Social Judgments \u00a0 Purpose: We are conducting a researc...","Choices":{"1":{"Display":"Yes"},"2":{"Display":"No"}},"ChoiceOrder":["1","2"],"Validation":{"Settings":{"ForceResponse":"ON","ForceResponseType":"ON"}},"Language":[],"QuestionID":"QID1"}},{"SurveyID":"SV_07IPj324cJgZUFL","Element":"SQ","PrimaryAttribute":"QID56","SecondaryAttribute":"Think of this ladder as representing where people stand in the United States. At the top of the ladd","TertiaryAttribute":null,"Payload":{"QuestionText":"Think of this ladder as representing where people stand in the United States. At the top of the ladder are the people who have the most money, most education, and most respected jobs. At the bottom are the people who have the least money, least education, and least respected jobs or no job. The higher up you are on this ladder, the closer you are to the people at the very top, and the lower you are, the closer you are to the people at the very bottom.<div><br>\n<img src=\"https:\/\/yale.qualtrics.com\/CP\/Graphic.php?IM=IM_0SONYA8Aes5ati4\"><br>\n<meta charset=\"utf-8\">\n<br>\n<strong><em>Where would you place yourself on this ladder? Please select the rung where you think you stand at this time in your life, relative to other people in the United States.<\/em><\/strong><\/div>","DataExportTag":"SES","QuestionType":"MC","Selector":"SAVR","SubSelector":"TX","Configuration":{"QuestionDescriptionOption":"UseText"},"QuestionDescription":"Think of this ladder as representing where people stand in the United States. At the top of the ladd...","Choices":{"1":{"Display":"Rung 10 (Top Rung)"},"2":{"Display":"Rung 9"},"3":{"Display":"Rung 8"},"4":{"Display":"Rung 7"},"5":{"Display":"Rung 6"},"6":{"Display":"Rung 5"},"7":{"Display":"Rung 4"},"8":{"Display":"Rung 3"},"9":{"Display":"Rung 2"},"10":{"Display":"Rung 1 (Bottom Rung)"}},"ChoiceOrder":[1,2,3,4,5,6,7,8,9,10],"Validation":{"Settings":{"ForceResponse":"OFF","ForceResponseType":"ON"}},"Language":[],"QuestionID":"QID56"}},{"SurveyID":"SV_07IPj324cJgZUFL","Element":"SQ","PrimaryAttribute":"QID815","SecondaryAttribute":"Timing","TertiaryAttribute":null,"Payload":{"QuestionText":"Timing","DefaultChoices":false,"DataExportTag":"immoTime","QuestionType":"Timing","Selector":"PageTimer","Configuration":{"QuestionDescriptionOption":"UseText","MinSeconds":"0","MaxSeconds":"0"},"QuestionDescription":"Timing","Choices":{"1":{"Display":"First Click"},"2":{"Display":"Last Click"},"3":{"Display":"Page Submit"},"4":{"Display":"Click Count"}},"GradingData":[],"Language":[],"QuestionID":"QID815"}},{"SurveyID":"SV_07IPj324cJgZUFL","Element":"SQ","PrimaryAttribute":"QID824","SecondaryAttribute":"Timing","TertiaryAttribute":null,"Payload":{"QuestionText":"Timing","DefaultChoices":false,"QuestionType":"Timing","Selector":"PageTimer","Configuration":{"QuestionDescriptionOption":"UseText","MinSeconds":"0","MaxSeconds":"0"},"QuestionDescription":"Timing","Choices":{"1":{"Display":"First Click"},"2":{"Display":"Last Click"},"3":{"Display":"Page Submit"},"4":{"Display":"Click Count"}},"GradingData":[],"Language":[],"QuestionText_Unsafe":"Timing","DataExportTag":"evilTime","QuestionID":"QID824"}},{"SurveyID":"SV_07IPj324cJgZUFL","Element":"SQ","PrimaryAttribute":"QID52","SecondaryAttribute":"What is your age?\n\n\t ","TertiaryAttribute":null,"Payload":{"QuestionText":"<div>\n\tWhat is your age?<\/div>\n<div>\n\t&nbsp;<\/div>","DataExportTag":"Age","QuestionType":"TE","Selector":"SL","Configuration":{"QuestionDescriptionOption":"UseText"},"QuestionDescription":"What is your age?\n\n\t ","Choices":{"1":{"Display":"Click to write Choice 1"},"2":{"Display":"Click to write Choice 2"},"3":{"Display":"Click to write Choice 3"}},"ChoiceOrder":["1","2","3"],"Validation":{"Settings":{"ForceResponse":"OFF","ForceResponseType":"ON","Type":"None"}},"GradingData":[],"Language":[],"QuestionID":"QID52"}},{"SurveyID":"SV_07IPj324cJgZUFL","Element":"SQ","PrimaryAttribute":"QID54","SecondaryAttribute":"What is your ethnicity?","TertiaryAttribute":null,"Payload":{"QuestionText":"<div>\n\tWhat is your ethnicity?<\/div>","DefaultChoices":false,"DataExportTag":"Ethnicity","QuestionType":"MC","Selector":"SAVR","SubSelector":"TX","Configuration":{"QuestionDescriptionOption":"UseText"},"QuestionDescription":"What is your ethnicity?","Choices":{"1":{"Display":"Black \/ African American"},"2":{"Display":"Hispanic \/ Latino"},"3":{"Display":"Asian \/ Pacific Islander"},"4":{"Display":"Native American \/ American Indian"},"5":{"Display":"White \/ Caucasian"},"6":{"Display":"Other","TextEntry":"true"}},"ChoiceOrder":["1","2","3","4","5","6"],"Validation":{"Settings":{"ForceResponse":"OFF","ForceResponseType":"ON","Type":"None"}},"GradingData":[],"Language":[],"QuestionID":"QID54"}},{"SurveyID":"SV_07IPj324cJgZUFL","Element":"SQ","PrimaryAttribute":"QID53","SecondaryAttribute":"What is your gender?\n\n\t ","TertiaryAttribute":null,"Payload":{"QuestionText":"<div>\n\tWhat is your gender?<\/div>\n<div>\n\t&nbsp;<\/div>","DataExportTag":"Gender","QuestionType":"MC","Selector":"SAVR","SubSelector":"TX","Configuration":{"QuestionDescriptionOption":"UseText"},"QuestionDescription":"What is your gender?\n\n\t ","Choices":{"1":{"Display":"Male"},"2":{"Display":"Female"}},"ChoiceOrder":["1","2"],"Validation":{"Settings":{"ForceResponse":"OFF","ForceResponseType":"ON"}},"Language":[],"QuestionID":"QID53"}}]}